// !$*UTF8*$!
{
	archiveVersion = 1;
	classes = {
	};
	objectVersion = 46;
	objects = {

/* Begin PBXBuildFile section */
		70F0EBE11DADEBEE00E03F8C /* main.m in Sources */ = {isa = PBXBuildFile; fileRef = 70F0EBE01DADEBEE00E03F8C /* main.m */; };
		70F0EBFC1DAE0D0200E03F8C /* primefactor.m in Sources */ = {isa = PBXBuildFile; fileRef = 70F0EBFB1DAE0D0200E03F8C /* primefactor.m */; };
/* End PBXBuildFile section */

/* Begin PBXCopyFilesBuildPhase section */
		70F0EBDB1DADEBEE00E03F8C /* CopyFiles */ = {
			isa = PBXCopyFilesBuildPhase;
			buildActionMask = 2147483647;
			dstPath = /usr/share/man/man1/;
			dstSubfolderSpec = 0;
			files = (
			);
			runOnlyForDeploymentPostprocessing = 1;
		};
/* End PBXCopyFilesBuildPhase section */

/* Begin PBXFileReference section */
		70F0EBDD1DADEBEE00E03F8C /* Brute */ = {isa = PBXFileReference; explicitFileType = "compiled.mach-o.executable"; includeInIndex = 0; path = Brute; sourceTree = BUILT_PRODUCTS_DIR; };
		70F0EBE01DADEBEE00E03F8C /* main.m */ = {isa = PBXFileReference; lastKnownFileType = sourcecode.c.objc; path = main.m; sourceTree = "<group>"; };
		70F0EBFA1DAE0D0200E03F8C /* primefactor.h */ = {isa = PBXFileReference; fileEncoding = 4; lastKnownFileType = sourcecode.c.h; path = primefactor.h; sourceTree = "<group>"; };
		70F0EBFB1DAE0D0200E03F8C /* primefactor.m */ = {isa = PBXFileReference; fileEncoding = 4; lastKnownFileType = sourcecode.c.objc; path = primefactor.m; sourceTree = "<group>"; };
/* End PBXFileReference section */

/* Begin PBXFrameworksBuildPhase section */
		70F0EBDA1DADEBEE00E03F8C /* Frameworks */ = {
			isa = PBXFrameworksBuildPhase;
			buildActionMask = 2147483647;
			files = (
			);
			runOnlyForDeploymentPostprocessing = 0;
		};
/* End PBXFrameworksBuildPhase section */

/* Begin PBXGroup section */
		70F0EBD41DADEBEE00E03F8C = {
			isa = PBXGroup;
			children = (
				70F0EBFA1DAE0D0200E03F8C /* primefactor.h */,
				70F0EBFB1DAE0D0200E03F8C /* primefactor.m */,
				70F0EBDF1DADEBEE00E03F8C /* Brute */,
				70F0EBDE1DADEBEE00E03F8C /* Products */,
			);
			sourceTree = "<group>";
		};
		70F0EBDE1DADEBEE00E03F8C /* Products */ = {
			isa = PBXGroup;
			children = (
				70F0EBDD1DADEBEE00E03F8C /* Brute */,
			);
			name = Products;
			sourceTree = "<group>";
		};
		70F0EBDF1DADEBEE00E03F8C /* Brute */ = {
			isa = PBXGroup;
			children = (
				70F0EBE01DADEBEE00E03F8C /* main.m */,
			);
			path = Brute;
			sourceTree = "<group>";
		};
/* End PBXGroup section */

/* Begin PBXNativeTarget section */
		70F0EBDC1DADEBEE00E03F8C /* Brute */ = {
			isa = PBXNativeTarget;
			buildConfigurationList = 70F0EBE41DADEBEE00E03F8C /* Build configuration list for PBXNativeTarget "Brute" */;
			buildPhases = (
				70F0EBD91DADEBEE00E03F8C /* Sources */,
				70F0EBDA1DADEBEE00E03F8C /* Frameworks */,
				70F0EBDB1DADEBEE00E03F8C /* CopyFiles */,
			);
			buildRules = (
			);
			dependencies = (
			);
			name = Brute;
			productName = Brute;
			productReference = 70F0EBDD1DADEBEE00E03F8C /* Brute */;
			productType = "com.apple.product-type.tool";
		};
/* End PBXNativeTarget section */

/* Begin PBXProject section */
		70F0EBD51DADEBEE00E03F8C /* Project object */ = {
			isa = PBXProject;
			attributes = {
				LastUpgradeCheck = 0730;
				ORGANIZATIONNAME = "BridgeLabz Solution LLP";
				TargetAttributes = {
					70F0EBDC1DADEBEE00E03F8C = {
						CreatedOnToolsVersion = 7.3.1;
					};
				};
			};
			buildConfigurationList = 70F0EBD81DADEBEE00E03F8C /* Build configuration list for PBXProject "Brute" */;
			compatibilityVersion = "Xcode 3.2";
			developmentRegion = English;
			hasScannedForEncodings = 0;
			knownRegions = (
				en,
			);
			mainGroup = 70F0EBD41DADEBEE00E03F8C;
			productRefGroup = 70F0EBDE1DADEBEE00E03F8C /* Products */;
			projectDirPath = "";
			projectRoot = "";
			targets = (
				70F0EBDC1DADEBEE00E03F8C /* Brute */,
			);
		};
/* End PBXProject section */

/* Begin PBXSourcesBuildPhase section */
		70F0EBD91DADEBEE00E03F8C /* Sources */ = {
			isa = PBXSourcesBuildPhase;
			buildActionMask = 2147483647;
			files = (
				70F0EBFC1DAE0D0200E03F8C /* primefactor.m in Sources */,
				70F0EBE11DADEBEE00E03F8C /* main.m in Sources */,
			);
			runOnlyForDeploymentPostprocessing = 0;
		};
/* End PBXSourcesBuildPhase section */

/* Begin XCBuildConfiguration section */
		70F0EBE21DADEBEE00E03F8C /* Debug */ = {
			isa = XCBuildConfiguration;
			buildSettings = {
				ALWAYS_SEARCH_USER_PATHS = NO;
				CLANG_ANALYZER_NONNULL = YES;
				CLANG_CXX_LANGUAGE_STANDARD = "gnu++0x";
				CLANG_CXX_LIBRARY = "libc++";
				CLANG_ENABLE_MODULES = YES;
				CLANG_ENABLE_OBJC_ARC = YES;
				CLANG_WARN_BOOL_CONVERSION = YES;
				CLANG_WARN_CONSTANT_CONVERSION = YES;
				CLANG_WARN_DIRECT_OBJC_ISA_USAGE = YES_ERROR;
				CLANG_WARN_EMPTY_BODY = YES;
				CLANG_WARN_ENUM_CONVERSION = YES;
				CLANG_WARN_INT_CONVERSION = YES;
				CLANG_WARN_OBJC_ROOT_CLASS = YES_ERROR;
				CLANG_WARN_UNREACHABLE_CODE = YES;
				CLANG_WARN__DUPLICATE_METHOD_MATCH = YES;
				CODE_SIGN_IDENTITY = "-";
				COPY_PHASE_STRIP = NO;
				DEBUG_INFORMATION_FORMAT = dwarf;
				ENABLE_STRICT_OBJC_MSGSEND = YES;
				ENABLE_TESTABILITY = YES;
				GCC_C_LANGUAGE_STANDARD = gnu99;
				GCC_DYNAMIC_NO_PIC = NO;
				GCC_NO_COMMON_BLOCKS = YES;
				GCC_OPTIMIZATION_LEVEL = 0;
				GCC_PREPROCESSOR_DEFINITIONS = (
					"DEBUG=1",
					"$(inherited)",
				);
				GCC_WARN_64_TO_32_BIT_CONVERSION = YES;
				GCC_WARN_ABOUT_RETURN_TYPE = YES_ERROR;
				GCC_WARN_UNDECLARED_SELECTOR = YES;
				GCC_WARN_UNINITIALIZED_AUTOS = YES_AGGRESSIVE;
				GCC_WARN_UNUSED_FUNCTION = YES;
				GCC_WARN_UNUSED_VARIABLE = YES;
				MACOSX_DEPLOYMENT_TARGET = 10.11;
				MTL_ENABLE_DEBUG_INFO = YES;
				ONLY_ACTIVE_ARCH = YES;
				SDKROOT = macosx;
			};
			name = Debug;
		};
		70F0EBE31DADEBEE00E03F8C /* Release */ = {
			isa = XCBuildConfiguration;
			buildSettings = {
				ALWAYS_SEARCH_USER_PATHS = NO;
				CLANG_ANALYZER_NONNULL = YES;
				CLANG_CXX_LANGUAGE_STANDARD = "gnu++0x";
				CLANG_CXX_LIBRARY = "libc++";
				CLANG_ENABLE_MODULES = YES;
				CLANG_ENABLE_OBJC_ARC = YES;
				CLANG_WARN_BOOL_CONVERSION = YES;
				CLANG_WARN_CONSTANT_CONVERSION = YES;
				CLANG_WARN_DIRECT_OBJC_ISA_USAGE = YES_ERROR;
				CLANG_WARN_EMPTY_BODY = YES;
				CLANG_WARN_ENUM_CONVERSION = YES;
				CLANG_WARN_INT_CONVERSION = YES;
				CLANG_WARN_OBJC_ROOT_CLASS = YES_ERROR;
				CLANG_WARN_UNREACHABLE_CODE = YES;
				CLANG_WARN__DUPLICATE_METHOD_MATCH = YES;
				CODE_SIGN_IDENTITY = "-";
				COPY_PHASE_STRIP = NO;
				DEBUG_INFORMATION_FORMAT = "dwarf-with-dsym";
				ENABLE_NS_ASSERTIONS = NO;
				ENABLE_STRICT_OBJC_MSGSEND = YES;
				GCC_C_LANGUAGE_STANDARD = gnu99;
				GCC_NO_COMMON_BLOCKS = YES;
				GCC_WARN_64_TO_32_BIT_CONVERSION = YES;
				GCC_WARN_ABOUT_RETURN_TYPE = YES_ERROR;
				GCC_WARN_UNDECLARED_SELECTOR = YES;
				GCC_WARN_UNINITIALIZED_AUTOS = YES_AGGRESSIVE;
				GCC_WARN_UNUSED_FUNCTION = YES;
				GCC_WARN_UNUSED_VARIABLE = YES;
				MACOSX_DEPLOYMENT_TARGET = 10.11;
				MTL_ENABLE_DEBUG_INFO = NO;
				SDKROOT = macosx;
			};
			name = Release;
		};
		70F0EBE51DADEBEE00E03F8C /* Debug */ = {
			isa = XCBuildConfiguration;
			buildSettings = {
				PRODUCT_NAME = "$(TARGET_NAME)";
			};
			name = Debug;
		};
		70F0EBE61DADEBEE00E03F8C /* Release */ = {
			isa = XCBuildConfiguration;
			buildSettings = {
				PRODUCT_NAME = "$(TARGET_NAME)";
			};
			name = Release;
		};
/* End XCBuildConfiguration section */

/* Begin XCConfigurationList section */
		70F0EBD81DADEBEE00E03F8C /* Build configuration list for PBXProject "Brute" */ = {
			isa = XCConfigurationList;
			buildConfigurations = (
				70F0EBE21DADEBEE00E03F8C /* Debug */,
				70F0EBE31DADEBEE00E03F8C /* Release */,
			);
			defaultConfigurationIsVisible = 0;
			defaultConfigurationName = Release;
		};
		70F0EBE41DADEBEE00E03F8C /* Build configuration list for PBXNativeTarget "Brute" */ = {
			isa = XCConfigurationList;
			buildConfigurations = (
				70F0EBE51DADEBEE00E03F8C /* Debug */,
				70F0EBE61DADEBEE00E03F8C /* Release */,
			);
			defaultConfigurationIsVisible = 0;
		};
/* End XCConfigurationList section */
	};
	rootObject = 70F0EBD51DADEBEE00E03F8C /* Project object */;
}
