// !$*UTF8*$!
{
	archiveVersion = 1;
	classes = {
	};
	objectVersion = 46;
	objects = {

/* Begin PBXBuildFile section */
		70F0EC0A1DAE3B1000E03F8C /* main.m in Sources */ = {isa = PBXBuildFile; fileRef = 70F0EC091DAE3B1000E03F8C /* main.m */; };
		70F0EC121DAE3B3400E03F8C /* gamble.m in Sources */ = {isa = PBXBuildFile; fileRef = 70F0EC111DAE3B3400E03F8C /* gamble.m */; };
/* End PBXBuildFile section */

/* Begin PBXCopyFilesBuildPhase section */
		70F0EC041DAE3B1000E03F8C /* CopyFiles */ = {
			isa = PBXCopyFilesBuildPhase;
			buildActionMask = 2147483647;
			dstPath = /usr/share/man/man1/;
			dstSubfolderSpec = 0;
			files = (
			);
			runOnlyForDeploymentPostprocessing = 1;
		};
/* End PBXCopyFilesBuildPhase section */

/* Begin PBXFileReference section */
		70F0EC061DAE3B1000E03F8C /* gambler */ = {isa = PBXFileReference; explicitFileType = "compiled.mach-o.executable"; includeInIndex = 0; path = gambler; sourceTree = BUILT_PRODUCTS_DIR; };
		70F0EC091DAE3B1000E03F8C /* main.m */ = {isa = PBXFileReference; lastKnownFileType = sourcecode.c.objc; path = main.m; sourceTree = "<group>"; };
		70F0EC101DAE3B3400E03F8C /* gamble.h */ = {isa = PBXFileReference; fileEncoding = 4; lastKnownFileType = sourcecode.c.h; path = gamble.h; sourceTree = "<group>"; };
		70F0EC111DAE3B3400E03F8C /* gamble.m */ = {isa = PBXFileReference; fileEncoding = 4; lastKnownFileType = sourcecode.c.objc; path = gamble.m; sourceTree = "<group>"; };
/* End PBXFileReference section */

/* Begin PBXFrameworksBuildPhase section */
		70F0EC031DAE3B1000E03F8C /* Frameworks */ = {
			isa = PBXFrameworksBuildPhase;
			buildActionMask = 2147483647;
			files = (
			);
			runOnlyForDeploymentPostprocessing = 0;
		};
/* End PBXFrameworksBuildPhase section */

/* Begin PBXGroup section */
		70F0EBFD1DAE3B1000E03F8C = {
			isa = PBXGroup;
			children = (
				70F0EC081DAE3B1000E03F8C /* gambler */,
				70F0EC071DAE3B1000E03F8C /* Products */,
			);
			sourceTree = "<group>";
		};
		70F0EC071DAE3B1000E03F8C /* Products */ = {
			isa = PBXGroup;
			children = (
				70F0EC061DAE3B1000E03F8C /* gambler */,
			);
			name = Products;
			sourceTree = "<group>";
		};
		70F0EC081DAE3B1000E03F8C /* gambler */ = {
			isa = PBXGroup;
			children = (
				70F0EC091DAE3B1000E03F8C /* main.m */,
				70F0EC101DAE3B3400E03F8C /* gamble.h */,
				70F0EC111DAE3B3400E03F8C /* gamble.m */,
			);
			path = gambler;
			sourceTree = "<group>";
		};
/* End PBXGroup section */

/* Begin PBXNativeTarget section */
		70F0EC051DAE3B1000E03F8C /* gambler */ = {
			isa = PBXNativeTarget;
			buildConfigurationList = 70F0EC0D1DAE3B1000E03F8C /* Build configuration list for PBXNativeTarget "gambler" */;
			buildPhases = (
				70F0EC021DAE3B1000E03F8C /* Sources */,
				70F0EC031DAE3B1000E03F8C /* Frameworks */,
				70F0EC041DAE3B1000E03F8C /* CopyFiles */,
			);
			buildRules = (
			);
			dependencies = (
			);
			name = gambler;
			productName = gambler;
			productReference = 70F0EC061DAE3B1000E03F8C /* gambler */;
			productType = "com.apple.product-type.tool";
		};
/* End PBXNativeTarget section */

/* Begin PBXProject section */
		70F0EBFE1DAE3B1000E03F8C /* Project object */ = {
			isa = PBXProject;
			attributes = {
				LastUpgradeCheck = 0730;
				ORGANIZATIONNAME = "BridgeLabz Solution LLP";
				TargetAttributes = {
					70F0EC051DAE3B1000E03F8C = {
						CreatedOnToolsVersion = 7.3.1;
					};
				};
			};
			buildConfigurationList = 70F0EC011DAE3B1000E03F8C /* Build configuration list for PBXProject "gambler" */;
			compatibilityVersion = "Xcode 3.2";
			developmentRegion = English;
			hasScannedForEncodings = 0;
			knownRegions = (
				en,
			);
			mainGroup = 70F0EBFD1DAE3B1000E03F8C;
			productRefGroup = 70F0EC071DAE3B1000E03F8C /* Products */;
			projectDirPath = "";
			projectRoot = "";
			targets = (
				70F0EC051DAE3B1000E03F8C /* gambler */,
			);
		};
/* End PBXProject section */

/* Begin PBXSourcesBuildPhase section */
		70F0EC021DAE3B1000E03F8C /* Sources */ = {
			isa = PBXSourcesBuildPhase;
			buildActionMask = 2147483647;
			files = (
				70F0EC0A1DAE3B1000E03F8C /* main.m in Sources */,
				70F0EC121DAE3B3400E03F8C /* gamble.m in Sources */,
			);
			runOnlyForDeploymentPostprocessing = 0;
		};
/* End PBXSourcesBuildPhase section */

/* Begin XCBuildConfiguration section */
		70F0EC0B1DAE3B1000E03F8C /* Debug */ = {
			isa = XCBuildConfiguration;
			buildSettings = {
				ALWAYS_SEARCH_USER_PATHS = NO;
				CLANG_ANALYZER_NONNULL = YES;
				CLANG_CXX_LANGUAGE_STANDARD = "gnu++0x";
				CLANG_CXX_LIBRARY = "libc++";
				CLANG_ENABLE_MODULES = YES;
				CLANG_ENABLE_OBJC_ARC = YES;
				CLANG_WARN_BOOL_CONVERSION = YES;
				CLANG_WARN_CONSTANT_CONVERSION = YES;
				CLANG_WARN_DIRECT_OBJC_ISA_USAGE = YES_ERROR;
				CLANG_WARN_EMPTY_BODY = YES;
				CLANG_WARN_ENUM_CONVERSION = YES;
				CLANG_WARN_INT_CONVERSION = YES;
				CLANG_WARN_OBJC_ROOT_CLASS = YES_ERROR;
				CLANG_WARN_UNREACHABLE_CODE = YES;
				CLANG_WARN__DUPLICATE_METHOD_MATCH = YES;
				CODE_SIGN_IDENTITY = "-";
				COPY_PHASE_STRIP = NO;
				DEBUG_INFORMATION_FORMAT = dwarf;
				ENABLE_STRICT_OBJC_MSGSEND = YES;
				ENABLE_TESTABILITY = YES;
				GCC_C_LANGUAGE_STANDARD = gnu99;
				GCC_DYNAMIC_NO_PIC = NO;
				GCC_NO_COMMON_BLOCKS = YES;
				GCC_OPTIMIZATION_LEVEL = 0;
				GCC_PREPROCESSOR_DEFINITIONS = (
					"DEBUG=1",
					"$(inherited)",
				);
				GCC_WARN_64_TO_32_BIT_CONVERSION = YES;
				GCC_WARN_ABOUT_RETURN_TYPE = YES_ERROR;
				GCC_WARN_UNDECLARED_SELECTOR = YES;
				GCC_WARN_UNINITIALIZED_AUTOS = YES_AGGRESSIVE;
				GCC_WARN_UNUSED_FUNCTION = YES;
				GCC_WARN_UNUSED_VARIABLE = YES;
				MACOSX_DEPLOYMENT_TARGET = 10.11;
				MTL_ENABLE_DEBUG_INFO = YES;
				ONLY_ACTIVE_ARCH = YES;
				SDKROOT = macosx;
			};
			name = Debug;
		};
		70F0EC0C1DAE3B1000E03F8C /* Release */ = {
			isa = XCBuildConfiguration;
			buildSettings = {
				ALWAYS_SEARCH_USER_PATHS = NO;
				CLANG_ANALYZER_NONNULL = YES;
				CLANG_CXX_LANGUAGE_STANDARD = "gnu++0x";
				CLANG_CXX_LIBRARY = "libc++";
				CLANG_ENABLE_MODULES = YES;
				CLANG_ENABLE_OBJC_ARC = YES;
				CLANG_WARN_BOOL_CONVERSION = YES;
				CLANG_WARN_CONSTANT_CONVERSION = YES;
				CLANG_WARN_DIRECT_OBJC_ISA_USAGE = YES_ERROR;
				CLANG_WARN_EMPTY_BODY = YES;
				CLANG_WARN_ENUM_CONVERSION = YES;
				CLANG_WARN_INT_CONVERSION = YES;
				CLANG_WARN_OBJC_ROOT_CLASS = YES_ERROR;
				CLANG_WARN_UNREACHABLE_CODE = YES;
				CLANG_WARN__DUPLICATE_METHOD_MATCH = YES;
				CODE_SIGN_IDENTITY = "-";
				COPY_PHASE_STRIP = NO;
				DEBUG_INFORMATION_FORMAT = "dwarf-with-dsym";
				ENABLE_NS_ASSERTIONS = NO;
				ENABLE_STRICT_OBJC_MSGSEND = YES;
				GCC_C_LANGUAGE_STANDARD = gnu99;
				GCC_NO_COMMON_BLOCKS = YES;
				GCC_WARN_64_TO_32_BIT_CONVERSION = YES;
				GCC_WARN_ABOUT_RETURN_TYPE = YES_ERROR;
				GCC_WARN_UNDECLARED_SELECTOR = YES;
				GCC_WARN_UNINITIALIZED_AUTOS = YES_AGGRESSIVE;
				GCC_WARN_UNUSED_FUNCTION = YES;
				GCC_WARN_UNUSED_VARIABLE = YES;
				MACOSX_DEPLOYMENT_TARGET = 10.11;
				MTL_ENABLE_DEBUG_INFO = NO;
				SDKROOT = macosx;
			};
			name = Release;
		};
		70F0EC0E1DAE3B1000E03F8C /* Debug */ = {
			isa = XCBuildConfiguration;
			buildSettings = {
				PRODUCT_NAME = "$(TARGET_NAME)";
			};
			name = Debug;
		};
		70F0EC0F1DAE3B1000E03F8C /* Release */ = {
			isa = XCBuildConfiguration;
			buildSettings = {
				PRODUCT_NAME = "$(TARGET_NAME)";
			};
			name = Release;
		};
/* End XCBuildConfiguration section */

/* Begin XCConfigurationList section */
		70F0EC011DAE3B1000E03F8C /* Build configuration list for PBXProject "gambler" */ = {
			isa = XCConfigurationList;
			buildConfigurations = (
				70F0EC0B1DAE3B1000E03F8C /* Debug */,
				70F0EC0C1DAE3B1000E03F8C /* Release */,
			);
			defaultConfigurationIsVisible = 0;
			defaultConfigurationName = Release;
		};
		70F0EC0D1DAE3B1000E03F8C /* Build configuration list for PBXNativeTarget "gambler" */ = {
			isa = XCConfigurationList;
			buildConfigurations = (
				70F0EC0E1DAE3B1000E03F8C /* Debug */,
				70F0EC0F1DAE3B1000E03F8C /* Release */,
			);
			defaultConfigurationIsVisible = 0;
		};
/* End XCConfigurationList section */
	};
	rootObject = 70F0EBFE1DAE3B1000E03F8C /* Project object */;
}
